{
  "name": "yjy-koa-example",
  "version": "1.0.0",
  "lockfileVersion": 1,
  "requires": true,
  "dependencies": {
    "@types/node": {
      "version": "18.14.1",
      "resolved": "https://registry.npmmirror.com/@types/node/-/node-18.14.1.tgz",
      "integrity": "sha512-QH+37Qds3E0eDlReeboBxfHbX9omAcBCXEzswCu6jySP642jiM3cYSIkU/REqwhCUqXdonHFuBfJDiAJxMNhaQ==",
      "dev": true
    },
    "yjy-koa-core": {
      "version": "1.0.0",
      "dev": true,
      "requires": {
        "@types/koa": "^2.13.5",
        "koa": "^2.14.1",
        "lodash": "^4.17.21"
      }
    }
  }
}
